
Microsoft Visual Studio Solution File, Format Version 12.00
# Visual Studio Version 17
VisualStudioVersion = 17.7.34009.444
MinimumVisualStudioVersion = 10.0.40219.1
Project("{9A19103F-16F7-4668-BE54-9A1E7A4F7556}") = "TftWebsite", "TftWebsite\TftWebsite.csproj", "{C7AF4A2D-252F-4909-B8CE-A300D555B8A6}"
EndProject
Global
	GlobalSection(SolutionConfigurationPlatforms) = preSolution
		Debug|Any CPU = Debug|Any CPU
		Release|Any CPU = Release|Any CPU
	EndGlobalSection
	GlobalSection(ProjectConfigurationPlatforms) = postSolution
		{C7AF4A2D-252F-4909-B8CE-A300D555B8A6}.Debug|Any CPU.ActiveCfg = Debug|Any CPU
		{C7AF4A2D-252F-4909-B8CE-A300D555B8A6}.Debug|Any CPU.Build.0 = Debug|Any CPU
		{C7AF4A2D-252F-4909-B8CE-A300D555B8A6}.Release|Any CPU.ActiveCfg = Release|Any CPU
		{C7AF4A2D-252F-4909-B8CE-A300D555B8A6}.Release|Any CPU.Build.0 = Release|Any CPU
	EndGlobalSection
	GlobalSection(SolutionProperties) = preSolution
		HideSolutionNode = FALSE
	EndGlobalSection
	GlobalSection(ExtensibilityGlobals) = postSolution
		SolutionGuid = {E0D7505B-65AB-439B-AB1B-B5A4A03DD25A}
	EndGlobalSection
EndGlobal
